// !$*UTF8*$!
{
	archiveVersion = 1;
	classes = {
	};
	objectVersion = 50;
	objects = {

/* Begin PBXBuildFile section */
		DD0289FE268D111F000F9925 /* AspectVGrid.swift in Sources */ = {isa = PBXBuildFile; fileRef = DD0289FD268D111F000F9925 /* AspectVGrid.swift */; };
		DD0B6B0D266118DD00A47B2E /* MemoryGame.swift in Sources */ = {isa = PBXBuildFile; fileRef = DD0B6B0C266118DD00A47B2E /* MemoryGame.swift */; };
		DD0B6B0F26611D9400A47B2E /* EmojiMemoryGame.swift in Sources */ = {isa = PBXBuildFile; fileRef = DD0B6B0E26611D9400A47B2E /* EmojiMemoryGame.swift */; };
		DD1C6F9C268EEB470000967E /* Pie.swift in Sources */ = {isa = PBXBuildFile; fileRef = DD1C6F9B268EEB470000967E /* Pie.swift */; };
		DD4C190926E8F0380056F8D8 /* ThemeStore.swift in Sources */ = {isa = PBXBuildFile; fileRef = DD4C190826E8F0380056F8D8 /* ThemeStore.swift */; };
		DD4C190B26E9020B0056F8D8 /* RGBAColor.swift in Sources */ = {isa = PBXBuildFile; fileRef = DD4C190A26E9020B0056F8D8 /* RGBAColor.swift */; };
		DD4C190D26E974A80056F8D8 /* ThemeChooser.swift in Sources */ = {isa = PBXBuildFile; fileRef = DD4C190C26E974A80056F8D8 /* ThemeChooser.swift */; };
		DD635B5E26B2BD100066356C /* Cardify.swift in Sources */ = {isa = PBXBuildFile; fileRef = DD635B5D26B2BD100066356C /* Cardify.swift */; };
		DD73FF3226B40EE3004362CB /* CardView.swift in Sources */ = {isa = PBXBuildFile; fileRef = DD73FF3126B40EE3004362CB /* CardView.swift */; };
		DDEB387C265912CA00D3710C /* MemorizeApp.swift in Sources */ = {isa = PBXBuildFile; fileRef = DDEB387B265912CA00D3710C /* MemorizeApp.swift */; };
		DDEB387E265912CA00D3710C /* EmojiMemoryGameView.swift in Sources */ = {isa = PBXBuildFile; fileRef = DDEB387D265912CA00D3710C /* EmojiMemoryGameView.swift */; };
		DDEB3880265912CB00D3710C /* Assets.xcassets in Resources */ = {isa = PBXBuildFile; fileRef = DDEB387F265912CB00D3710C /* Assets.xcassets */; };
		DDEB3883265912CB00D3710C /* Preview Assets.xcassets in Resources */ = {isa = PBXBuildFile; fileRef = DDEB3882265912CB00D3710C /* Preview Assets.xcassets */; };
		DDF311DC26EA98A700AF6B83 /* ThemeEditor.swift in Sources */ = {isa = PBXBuildFile; fileRef = DDF311DB26EA98A700AF6B83 /* ThemeEditor.swift */; };
		DDF311DE26EAA55C00AF6B83 /* UtilityExtensions.swift in Sources */ = {isa = PBXBuildFile; fileRef = DDF311DD26EAA55C00AF6B83 /* UtilityExtensions.swift */; };
/* End PBXBuildFile section */

/* Begin PBXFileReference section */
		DD0289FD268D111F000F9925 /* AspectVGrid.swift */ = {isa = PBXFileReference; lastKnownFileType = sourcecode.swift; path = AspectVGrid.swift; sourceTree = "<group>"; };
		DD0B6B0C266118DD00A47B2E /* MemoryGame.swift */ = {isa = PBXFileReference; lastKnownFileType = sourcecode.swift; path = MemoryGame.swift; sourceTree = "<group>"; };
		DD0B6B0E26611D9400A47B2E /* EmojiMemoryGame.swift */ = {isa = PBXFileReference; lastKnownFileType = sourcecode.swift; path = EmojiMemoryGame.swift; sourceTree = "<group>"; };
		DD1C6F9B268EEB470000967E /* Pie.swift */ = {isa = PBXFileReference; lastKnownFileType = sourcecode.swift; path = Pie.swift; sourceTree = "<group>"; };
		DD4C190826E8F0380056F8D8 /* ThemeStore.swift */ = {isa = PBXFileReference; lastKnownFileType = sourcecode.swift; path = ThemeStore.swift; sourceTree = "<group>"; };
		DD4C190A26E9020B0056F8D8 /* RGBAColor.swift */ = {isa = PBXFileReference; lastKnownFileType = sourcecode.swift; path = RGBAColor.swift; sourceTree = "<group>"; };
		DD4C190C26E974A80056F8D8 /* ThemeChooser.swift */ = {isa = PBXFileReference; lastKnownFileType = sourcecode.swift; path = ThemeChooser.swift; sourceTree = "<group>"; };
		DD635B5D26B2BD100066356C /* Cardify.swift */ = {isa = PBXFileReference; lastKnownFileType = sourcecode.swift; path = Cardify.swift; sourceTree = "<group>"; };
		DD73FF3126B40EE3004362CB /* CardView.swift */ = {isa = PBXFileReference; lastKnownFileType = sourcecode.swift; path = CardView.swift; sourceTree = "<group>"; };
		DDEB3878265912CA00D3710C /* Memorize.app */ = {isa = PBXFileReference; explicitFileType = wrapper.application; includeInIndex = 0; path = Memorize.app; sourceTree = BUILT_PRODUCTS_DIR; };
		DDEB387B265912CA00D3710C /* MemorizeApp.swift */ = {isa = PBXFileReference; lastKnownFileType = sourcecode.swift; path = MemorizeApp.swift; sourceTree = "<group>"; };
		DDEB387D265912CA00D3710C /* EmojiMemoryGameView.swift */ = {isa = PBXFileReference; lastKnownFileType = sourcecode.swift; path = EmojiMemoryGameView.swift; sourceTree = "<group>"; };
		DDEB387F265912CB00D3710C /* Assets.xcassets */ = {isa = PBXFileReference; lastKnownFileType = folder.assetcatalog; path = Assets.xcassets; sourceTree = "<group>"; };
		DDEB3882265912CB00D3710C /* Preview Assets.xcassets */ = {isa = PBXFileReference; lastKnownFileType = folder.assetcatalog; path = "Preview Assets.xcassets"; sourceTree = "<group>"; };
		DDEB3884265912CB00D3710C /* Info.plist */ = {isa = PBXFileReference; lastKnownFileType = text.plist.xml; path = Info.plist; sourceTree = "<group>"; };
		DDF311DB26EA98A700AF6B83 /* ThemeEditor.swift */ = {isa = PBXFileReference; lastKnownFileType = sourcecode.swift; path = ThemeEditor.swift; sourceTree = "<group>"; };
		DDF311DD26EAA55C00AF6B83 /* UtilityExtensions.swift */ = {isa = PBXFileReference; lastKnownFileType = sourcecode.swift; path = UtilityExtensions.swift; sourceTree = "<group>"; };
/* End PBXFileReference section */

/* Begin PBXFrameworksBuildPhase section */
		DDEB3875265912CA00D3710C /* Frameworks */ = {
			isa = PBXFrameworksBuildPhase;
			buildActionMask = 2147483647;
			files = (
			);
			runOnlyForDeploymentPostprocessing = 0;
		};
/* End PBXFrameworksBuildPhase section */

/* Begin PBXGroup section */
		DDEB386F265912CA00D3710C = {
			isa = PBXGroup;
			children = (
				DDEB387A265912CA00D3710C /* Memorize */,
				DDEB3879265912CA00D3710C /* Products */,
			);
			sourceTree = "<group>";
		};
		DDEB3879265912CA00D3710C /* Products */ = {
			isa = PBXGroup;
			children = (
				DDEB3878265912CA00D3710C /* Memorize.app */,
			);
			name = Products;
			sourceTree = "<group>";
		};
		DDEB387A265912CA00D3710C /* Memorize */ = {
			isa = PBXGroup;
			children = (
				DDEB387B265912CA00D3710C /* MemorizeApp.swift */,
				DD0B6B0C266118DD00A47B2E /* MemoryGame.swift */,
				DD0B6B0E26611D9400A47B2E /* EmojiMemoryGame.swift */,
				DDEB387D265912CA00D3710C /* EmojiMemoryGameView.swift */,
				DD0289FD268D111F000F9925 /* AspectVGrid.swift */,
				DD1C6F9B268EEB470000967E /* Pie.swift */,
				DD635B5D26B2BD100066356C /* Cardify.swift */,
				DD73FF3126B40EE3004362CB /* CardView.swift */,
				DD4C190826E8F0380056F8D8 /* ThemeStore.swift */,
				DD4C190C26E974A80056F8D8 /* ThemeChooser.swift */,
				DDF311DB26EA98A700AF6B83 /* ThemeEditor.swift */,
				DD4C190A26E9020B0056F8D8 /* RGBAColor.swift */,
				DDF311DD26EAA55C00AF6B83 /* UtilityExtensions.swift */,
				DDEB387F265912CB00D3710C /* Assets.xcassets */,
				DDEB3884265912CB00D3710C /* Info.plist */,
				DDEB3881265912CB00D3710C /* Preview Content */,
			);
			path = Memorize;
			sourceTree = "<group>";
		};
		DDEB3881265912CB00D3710C /* Preview Content */ = {
			isa = PBXGroup;
			children = (
				DDEB3882265912CB00D3710C /* Preview Assets.xcassets */,
			);
			path = "Preview Content";
			sourceTree = "<group>";
		};
/* End PBXGroup section */

/* Begin PBXNativeTarget section */
		DDEB3877265912CA00D3710C /* Memorize */ = {
			isa = PBXNativeTarget;
			buildConfigurationList = DDEB3887265912CB00D3710C /* Build configuration list for PBXNativeTarget "Memorize" */;
			buildPhases = (
				DDEB3874265912CA00D3710C /* Sources */,
				DDEB3875265912CA00D3710C /* Frameworks */,
				DDEB3876265912CA00D3710C /* Resources */,
			);
			buildRules = (
			);
			dependencies = (
			);
			name = Memorize;
			productName = Memorize;
			productReference = DDEB3878265912CA00D3710C /* Memorize.app */;
			productType = "com.apple.product-type.application";
		};
/* End PBXNativeTarget section */

/* Begin PBXProject section */
		DDEB3870265912CA00D3710C /* Project object */ = {
			isa = PBXProject;
			attributes = {
				LastSwiftUpdateCheck = 1250;
				LastUpgradeCheck = 1250;
				TargetAttributes = {
					DDEB3877265912CA00D3710C = {
						CreatedOnToolsVersion = 12.5;
					};
				};
			};
			buildConfigurationList = DDEB3873265912CA00D3710C /* Build configuration list for PBXProject "Memorize" */;
			compatibilityVersion = "Xcode 9.3";
			developmentRegion = en;
			hasScannedForEncodings = 0;
			knownRegions = (
				en,
				Base,
			);
			mainGroup = DDEB386F265912CA00D3710C;
			productRefGroup = DDEB3879265912CA00D3710C /* Products */;
			projectDirPath = "";
			projectRoot = "";
			targets = (
				DDEB3877265912CA00D3710C /* Memorize */,
			);
		};
/* End PBXProject section */

/* Begin PBXResourcesBuildPhase section */
		DDEB3876265912CA00D3710C /* Resources */ = {
			isa = PBXResourcesBuildPhase;
			buildActionMask = 2147483647;
			files = (
				DDEB3883265912CB00D3710C /* Preview Assets.xcassets in Resources */,
				DDEB3880265912CB00D3710C /* Assets.xcassets in Resources */,
			);
			runOnlyForDeploymentPostprocessing = 0;
		};
/* End PBXResourcesBuildPhase section */

/* Begin PBXSourcesBuildPhase section */
		DDEB3874265912CA00D3710C /* Sources */ = {
			isa = PBXSourcesBuildPhase;
			buildActionMask = 2147483647;
			files = (
				DD0B6B0D266118DD00A47B2E /* MemoryGame.swift in Sources */,
				DD4C190D26E974A80056F8D8 /* ThemeChooser.swift in Sources */,
				DDF311DE26EAA55C00AF6B83 /* UtilityExtensions.swift in Sources */,
				DD73FF3226B40EE3004362CB /* CardView.swift in Sources */,
				DDEB387E265912CA00D3710C /* EmojiMemoryGameView.swift in Sources */,
				DD635B5E26B2BD100066356C /* Cardify.swift in Sources */,
				DD0289FE268D111F000F9925 /* AspectVGrid.swift in Sources */,
				DD4C190B26E9020B0056F8D8 /* RGBAColor.swift in Sources */,
				DDEB387C265912CA00D3710C /* MemorizeApp.swift in Sources */,
				DD1C6F9C268EEB470000967E /* Pie.swift in Sources */,
				DD0B6B0F26611D9400A47B2E /* EmojiMemoryGame.swift in Sources */,
				DDF311DC26EA98A700AF6B83 /* ThemeEditor.swift in Sources */,
				DD4C190926E8F0380056F8D8 /* ThemeStore.swift in Sources */,
			);
			runOnlyForDeploymentPostprocessing = 0;
		};
/* End PBXSourcesBuildPhase section */

/* Begin XCBuildConfiguration section */
		DDEB3885265912CB00D3710C /* Debug */ = {
			isa = XCBuildConfiguration;
			buildSettings = {
				ALWAYS_SEARCH_USER_PATHS = NO;
				CLANG_ANALYZER_NONNULL = YES;
				CLANG_ANALYZER_NUMBER_OBJECT_CONVERSION = YES_AGGRESSIVE;
				CLANG_CXX_LANGUAGE_STANDARD = "gnu++14";
				CLANG_CXX_LIBRARY = "libc++";
				CLANG_ENABLE_MODULES = YES;
				CLANG_ENABLE_OBJC_ARC = YES;
				CLANG_ENABLE_OBJC_WEAK = YES;
				CLANG_WARN_BLOCK_CAPTURE_AUTORELEASING = YES;
				CLANG_WARN_BOOL_CONVERSION = YES;
				CLANG_WARN_COMMA = YES;
				CLANG_WARN_CONSTANT_CONVERSION = YES;
				CLANG_WARN_DEPRECATED_OBJC_IMPLEMENTATIONS = YES;
				CLANG_WARN_DIRECT_OBJC_ISA_USAGE = YES_ERROR;
				CLANG_WARN_DOCUMENTATION_COMMENTS = YES;
				CLANG_WARN_EMPTY_BODY = YES;
				CLANG_WARN_ENUM_CONVERSION = YES;
				CLANG_WARN_INFINITE_RECURSION = YES;
				CLANG_WARN_INT_CONVERSION = YES;
				CLANG_WARN_NON_LITERAL_NULL_CONVERSION = YES;
				CLANG_WARN_OBJC_IMPLICIT_RETAIN_SELF = YES;
				CLANG_WARN_OBJC_LITERAL_CONVERSION = YES;
				CLANG_WARN_OBJC_ROOT_CLASS = YES_ERROR;
				CLANG_WARN_QUOTED_INCLUDE_IN_FRAMEWORK_HEADER = YES;
				CLANG_WARN_RANGE_LOOP_ANALYSIS = YES;
				CLANG_WARN_STRICT_PROTOTYPES = YES;
				CLANG_WARN_SUSPICIOUS_MOVE = YES;
				CLANG_WARN_UNGUARDED_AVAILABILITY = YES_AGGRESSIVE;
				CLANG_WARN_UNREACHABLE_CODE = YES;
				CLANG_WARN__DUPLICATE_METHOD_MATCH = YES;
				COPY_PHASE_STRIP = NO;
				DEBUG_INFORMATION_FORMAT = dwarf;
				ENABLE_STRICT_OBJC_MSGSEND = YES;
				ENABLE_TESTABILITY = YES;
				GCC_C_LANGUAGE_STANDARD = gnu11;
				GCC_DYNAMIC_NO_PIC = NO;
				GCC_NO_COMMON_BLOCKS = YES;
				GCC_OPTIMIZATION_LEVEL = 0;
				GCC_PREPROCESSOR_DEFINITIONS = (
					"DEBUG=1",
					"$(inherited)",
				);
				GCC_WARN_64_TO_32_BIT_CONVERSION = YES;
				GCC_WARN_ABOUT_RETURN_TYPE = YES_ERROR;
				GCC_WARN_UNDECLARED_SELECTOR = YES;
				GCC_WARN_UNINITIALIZED_AUTOS = YES_AGGRESSIVE;
				GCC_WARN_UNUSED_FUNCTION = YES;
				GCC_WARN_UNUSED_VARIABLE = YES;
				IPHONEOS_DEPLOYMENT_TARGET = 14.5;
				MTL_ENABLE_DEBUG_INFO = INCLUDE_SOURCE;
				MTL_FAST_MATH = YES;
				ONLY_ACTIVE_ARCH = YES;
				SDKROOT = iphoneos;
				SWIFT_ACTIVE_COMPILATION_CONDITIONS = DEBUG;
				SWIFT_OPTIMIZATION_LEVEL = "-Onone";
			};
			name = Debug;
		};
		DDEB3886265912CB00D3710C /* Release */ = {
			isa = XCBuildConfiguration;
			buildSettings = {
				ALWAYS_SEARCH_USER_PATHS = NO;
				CLANG_ANALYZER_NONNULL = YES;
				CLANG_ANALYZER_NUMBER_OBJECT_CONVERSION = YES_AGGRESSIVE;
				CLANG_CXX_LANGUAGE_STANDARD = "gnu++14";
				CLANG_CXX_LIBRARY = "libc++";
				CLANG_ENABLE_MODULES = YES;
				CLANG_ENABLE_OBJC_ARC = YES;
				CLANG_ENABLE_OBJC_WEAK = YES;
				CLANG_WARN_BLOCK_CAPTURE_AUTORELEASING = YES;
				CLANG_WARN_BOOL_CONVERSION = YES;
				CLANG_WARN_COMMA = YES;
				CLANG_WARN_CONSTANT_CONVERSION = YES;
				CLANG_WARN_DEPRECATED_OBJC_IMPLEMENTATIONS = YES;
				CLANG_WARN_DIRECT_OBJC_ISA_USAGE = YES_ERROR;
				CLANG_WARN_DOCUMENTATION_COMMENTS = YES;
				CLANG_WARN_EMPTY_BODY = YES;
				CLANG_WARN_ENUM_CONVERSION = YES;
				CLANG_WARN_INFINITE_RECURSION = YES;
				CLANG_WARN_INT_CONVERSION = YES;
				CLANG_WARN_NON_LITERAL_NULL_CONVERSION = YES;
				CLANG_WARN_OBJC_IMPLICIT_RETAIN_SELF = YES;
				CLANG_WARN_OBJC_LITERAL_CONVERSION = YES;
				CLANG_WARN_OBJC_ROOT_CLASS = YES_ERROR;
				CLANG_WARN_QUOTED_INCLUDE_IN_FRAMEWORK_HEADER = YES;
				CLANG_WARN_RANGE_LOOP_ANALYSIS = YES;
				CLANG_WARN_STRICT_PROTOTYPES = YES;
				CLANG_WARN_SUSPICIOUS_MOVE = YES;
				CLANG_WARN_UNGUARDED_AVAILABILITY = YES_AGGRESSIVE;
				CLANG_WARN_UNREACHABLE_CODE = YES;
				CLANG_WARN__DUPLICATE_METHOD_MATCH = YES;
				COPY_PHASE_STRIP = NO;
				DEBUG_INFORMATION_FORMAT = "dwarf-with-dsym";
				ENABLE_NS_ASSERTIONS = NO;
				ENABLE_STRICT_OBJC_MSGSEND = YES;
				GCC_C_LANGUAGE_STANDARD = gnu11;
				GCC_NO_COMMON_BLOCKS = YES;
				GCC_WARN_64_TO_32_BIT_CONVERSION = YES;
				GCC_WARN_ABOUT_RETURN_TYPE = YES_ERROR;
				GCC_WARN_UNDECLARED_SELECTOR = YES;
				GCC_WARN_UNINITIALIZED_AUTOS = YES_AGGRESSIVE;
				GCC_WARN_UNUSED_FUNCTION = YES;
				GCC_WARN_UNUSED_VARIABLE = YES;
				IPHONEOS_DEPLOYMENT_TARGET = 14.5;
				MTL_ENABLE_DEBUG_INFO = NO;
				MTL_FAST_MATH = YES;
				SDKROOT = iphoneos;
				SWIFT_COMPILATION_MODE = wholemodule;
				SWIFT_OPTIMIZATION_LEVEL = "-O";
				VALIDATE_PRODUCT = YES;
			};
			name = Release;
		};
		DDEB3888265912CB00D3710C /* Debug */ = {
			isa = XCBuildConfiguration;
			buildSettings = {
				ASSETCATALOG_COMPILER_APPICON_NAME = AppIcon;
				ASSETCATALOG_COMPILER_GLOBAL_ACCENT_COLOR_NAME = AccentColor;
				CODE_SIGN_STYLE = Automatic;
				DEVELOPMENT_ASSET_PATHS = "\"Memorize/Preview Content\"";
				DEVELOPMENT_TEAM = FDT69Y2CLT;
				ENABLE_PREVIEWS = YES;
				INFOPLIST_FILE = Memorize/Info.plist;
				IPHONEOS_DEPLOYMENT_TARGET = 14.0;
				LD_RUNPATH_SEARCH_PATHS = (
					"$(inherited)",
					"@executable_path/Frameworks",
				);
				PRODUCT_BUNDLE_IDENTIFIER = Vadim.Burkin.Memorize;
				PRODUCT_NAME = "$(TARGET_NAME)";
				SWIFT_VERSION = 5.0;
				TARGETED_DEVICE_FAMILY = "1,2";
			};
			name = Debug;
		};
		DDEB3889265912CB00D3710C /* Release */ = {
			isa = XCBuildConfiguration;
			buildSettings = {
				ASSETCATALOG_COMPILER_APPICON_NAME = AppIcon;
				ASSETCATALOG_COMPILER_GLOBAL_ACCENT_COLOR_NAME = AccentColor;
				CODE_SIGN_STYLE = Automatic;
				DEVELOPMENT_ASSET_PATHS = "\"Memorize/Preview Content\"";
				DEVELOPMENT_TEAM = FDT69Y2CLT;
				ENABLE_PREVIEWS = YES;
				INFOPLIST_FILE = Memorize/Info.plist;
				IPHONEOS_DEPLOYMENT_TARGET = 14.0;
				LD_RUNPATH_SEARCH_PATHS = (
					"$(inherited)",
					"@executable_path/Frameworks",
				);
				PRODUCT_BUNDLE_IDENTIFIER = Vadim.Burkin.Memorize;
				PRODUCT_NAME = "$(TARGET_NAME)";
				SWIFT_VERSION = 5.0;
				TARGETED_DEVICE_FAMILY = "1,2";
			};
			name = Release;
		};
/* End XCBuildConfiguration section */

/* Begin XCConfigurationList section */
		DDEB3873265912CA00D3710C /* Build configuration list for PBXProject "Memorize" */ = {
			isa = XCConfigurationList;
			buildConfigurations = (
				DDEB3885265912CB00D3710C /* Debug */,
				DDEB3886265912CB00D3710C /* Release */,
			);
			defaultConfigurationIsVisible = 0;
			defaultConfigurationName = Release;
		};
		DDEB3887265912CB00D3710C /* Build configuration list for PBXNativeTarget "Memorize" */ = {
			isa = XCConfigurationList;
			buildConfigurations = (
				DDEB3888265912CB00D3710C /* Debug */,
				DDEB3889265912CB00D3710C /* Release */,
			);
			defaultConfigurationIsVisible = 0;
			defaultConfigurationName = Release;
		};
/* End XCConfigurationList section */
	};
	rootObject = DDEB3870265912CA00D3710C /* Project object */;
}
